
Microsoft Visual Studio Solution File, Format Version 12.00
# Visual Studio Version 17
VisualStudioVersion = 17.13.35818.85 d17.13
MinimumVisualStudioVersion = 10.0.40219.1
Project("{FAE04EC0-301F-11D3-BF4B-00C04F79EFBC}") = "apiProject.Api", "apiProject.Api\apiProject.Api.csproj", "{A2BA39E9-E043-4C0D-8713-EE8282371933}"
EndProject
Project("{FAE04EC0-301F-11D3-BF4B-00C04F79EFBC}") = "apiProject.Domain", "apiProject.Domain\apiProject.Domain.csproj", "{1FB45EFC-BCFD-426C-8FE2-E71AC93013E3}"
EndProject
Project("{FAE04EC0-301F-11D3-BF4B-00C04F79EFBC}") = "apiProject.Application", "apiProject.Application\apiProject.Application.csproj", "{40FDD9C4-F902-4E9A-B39F-3F5054684757}"
EndProject
Project("{FAE04EC0-301F-11D3-BF4B-00C04F79EFBC}") = "apiProject.Infrastructure", "apiProject.Infrastructure\apiProject.Infrastructure.csproj", "{730BCE70-F4E1-4E6C-9F7F-E774E3E2EFD5}"
EndProject
Global
	GlobalSection(SolutionConfigurationPlatforms) = preSolution
		Debug|Any CPU = Debug|Any CPU
		Release|Any CPU = Release|Any CPU
	EndGlobalSection
	GlobalSection(ProjectConfigurationPlatforms) = postSolution
		{A2BA39E9-E043-4C0D-8713-EE8282371933}.Debug|Any CPU.ActiveCfg = Debug|Any CPU
		{A2BA39E9-E043-4C0D-8713-EE8282371933}.Debug|Any CPU.Build.0 = Debug|Any CPU
		{A2BA39E9-E043-4C0D-8713-EE8282371933}.Release|Any CPU.ActiveCfg = Release|Any CPU
		{A2BA39E9-E043-4C0D-8713-EE8282371933}.Release|Any CPU.Build.0 = Release|Any CPU
		{1FB45EFC-BCFD-426C-8FE2-E71AC93013E3}.Debug|Any CPU.ActiveCfg = Debug|Any CPU
		{1FB45EFC-BCFD-426C-8FE2-E71AC93013E3}.Debug|Any CPU.Build.0 = Debug|Any CPU
		{1FB45EFC-BCFD-426C-8FE2-E71AC93013E3}.Release|Any CPU.ActiveCfg = Release|Any CPU
		{1FB45EFC-BCFD-426C-8FE2-E71AC93013E3}.Release|Any CPU.Build.0 = Release|Any CPU
		{40FDD9C4-F902-4E9A-B39F-3F5054684757}.Debug|Any CPU.ActiveCfg = Debug|Any CPU
		{40FDD9C4-F902-4E9A-B39F-3F5054684757}.Debug|Any CPU.Build.0 = Debug|Any CPU
		{40FDD9C4-F902-4E9A-B39F-3F5054684757}.Release|Any CPU.ActiveCfg = Release|Any CPU
		{40FDD9C4-F902-4E9A-B39F-3F5054684757}.Release|Any CPU.Build.0 = Release|Any CPU
		{730BCE70-F4E1-4E6C-9F7F-E774E3E2EFD5}.Debug|Any CPU.ActiveCfg = Debug|Any CPU
		{730BCE70-F4E1-4E6C-9F7F-E774E3E2EFD5}.Debug|Any CPU.Build.0 = Debug|Any CPU
		{730BCE70-F4E1-4E6C-9F7F-E774E3E2EFD5}.Release|Any CPU.ActiveCfg = Release|Any CPU
		{730BCE70-F4E1-4E6C-9F7F-E774E3E2EFD5}.Release|Any CPU.Build.0 = Release|Any CPU
	EndGlobalSection
	GlobalSection(SolutionProperties) = preSolution
		HideSolutionNode = FALSE
	EndGlobalSection
	GlobalSection(ExtensibilityGlobals) = postSolution
		SolutionGuid = {13A903CA-9ABE-42A0-B0EF-6A5151D88DC2}
	EndGlobalSection
EndGlobal
